
Microsoft Visual Studio Solution File, Format Version 12.00
# Visual Studio 2013
VisualStudioVersion = 12.0.21005.1
MinimumVisualStudioVersion = 10.0.40219.1
Project("{FAE04EC0-301F-11D3-BF4B-00C04F79EFBC}") = "ConsoleApplication2", "ConsoleApplication2\ConsoleApplication2.csproj", "{8E6359AE-612C-48E2-9234-ED10BE4CB521}"
EndProject
Project("{FAE04EC0-301F-11D3-BF4B-00C04F79EFBC}") = "UnitTestProject1", "UnitTestProject1\UnitTestProject1.csproj", "{F5EC1712-F447-4286-996D-FC54FE6273CB}"
EndProject
Global
	GlobalSection(SolutionConfigurationPlatforms) = preSolution
		Debug|Any CPU = Debug|Any CPU
		Release|Any CPU = Release|Any CPU
	EndGlobalSection
	GlobalSection(ProjectConfigurationPlatforms) = postSolution
		{8E6359AE-612C-48E2-9234-ED10BE4CB521}.Debug|Any CPU.ActiveCfg = Debug|Any CPU
		{8E6359AE-612C-48E2-9234-ED10BE4CB521}.Debug|Any CPU.Build.0 = Debug|Any CPU
		{8E6359AE-612C-48E2-9234-ED10BE4CB521}.Release|Any CPU.ActiveCfg = Release|Any CPU
		{8E6359AE-612C-48E2-9234-ED10BE4CB521}.Release|Any CPU.Build.0 = Release|Any CPU
		{F5EC1712-F447-4286-996D-FC54FE6273CB}.Debug|Any CPU.ActiveCfg = Debug|Any CPU
		{F5EC1712-F447-4286-996D-FC54FE6273CB}.Debug|Any CPU.Build.0 = Debug|Any CPU
		{F5EC1712-F447-4286-996D-FC54FE6273CB}.Release|Any CPU.ActiveCfg = Release|Any CPU
		{F5EC1712-F447-4286-996D-FC54FE6273CB}.Release|Any CPU.Build.0 = Release|Any CPU
	EndGlobalSection
	GlobalSection(SolutionProperties) = preSolution
		HideSolutionNode = FALSE
	EndGlobalSection
EndGlobal
